
Microsoft Visual Studio Solution File, Format Version 12.00
# Visual Studio Version 17
VisualStudioVersion = 17.1.32407.343
MinimumVisualStudioVersion = 10.0.40219.1
Project("{FAE04EC0-301F-11D3-BF4B-00C04F79EFBC}") = "BandaApi", "BandaApi\BandaApi.csproj", "{BD4435B2-8E52-464E-9EDE-50A5AD419972}"
	ProjectSection(ProjectDependencies) = postProject
		{32254A95-F17F-47ED-B9F4-122AFE795905} = {32254A95-F17F-47ED-B9F4-122AFE795905}
	EndProjectSection
EndProject
Project("{FAE04EC0-301F-11D3-BF4B-00C04F79EFBC}") = "Data", "Data\Data.csproj", "{32254A95-F17F-47ED-B9F4-122AFE795905}"
EndProject
Global
	GlobalSection(SolutionConfigurationPlatforms) = preSolution
		Debug|Any CPU = Debug|Any CPU
		Release|Any CPU = Release|Any CPU
	EndGlobalSection
	GlobalSection(ProjectConfigurationPlatforms) = postSolution
		{BD4435B2-8E52-464E-9EDE-50A5AD419972}.Debug|Any CPU.ActiveCfg = Debug|Any CPU
		{BD4435B2-8E52-464E-9EDE-50A5AD419972}.Debug|Any CPU.Build.0 = Debug|Any CPU
		{BD4435B2-8E52-464E-9EDE-50A5AD419972}.Release|Any CPU.ActiveCfg = Release|Any CPU
		{BD4435B2-8E52-464E-9EDE-50A5AD419972}.Release|Any CPU.Build.0 = Release|Any CPU
		{32254A95-F17F-47ED-B9F4-122AFE795905}.Debug|Any CPU.ActiveCfg = Debug|Any CPU
		{32254A95-F17F-47ED-B9F4-122AFE795905}.Debug|Any CPU.Build.0 = Debug|Any CPU
		{32254A95-F17F-47ED-B9F4-122AFE795905}.Release|Any CPU.ActiveCfg = Release|Any CPU
		{32254A95-F17F-47ED-B9F4-122AFE795905}.Release|Any CPU.Build.0 = Release|Any CPU
	EndGlobalSection
	GlobalSection(SolutionProperties) = preSolution
		HideSolutionNode = FALSE
	EndGlobalSection
	GlobalSection(ExtensibilityGlobals) = postSolution
		SolutionGuid = {D4FCDBFA-F244-46AA-8957-F94145071F57}
	EndGlobalSection
EndGlobal
